
Microsoft Visual Studio Solution File, Format Version 12.00
# Visual Studio 14
VisualStudioVersion = 14.0.25420.1
MinimumVisualStudioVersion = 10.0.40219.1
Project("{FAE04EC0-301F-11D3-BF4B-00C04F79EFBC}") = "Azuremon.DataStore.Abstractions", "Azuremon.DataStore.Abstractions\Azuremon.DataStore.Abstractions.csproj", "{77642A26-D07D-4381-8D18-8CE2BF645A21}"
EndProject
Project("{FAE04EC0-301F-11D3-BF4B-00C04F79EFBC}") = "Azuremon.DataStore.Azure", "Azuremon.DataStore.Azure\Azuremon.DataStore.Azure.csproj", "{EC937417-F6A1-4204-902F-BAE5DC3F893E}"
EndProject
Project("{FAE04EC0-301F-11D3-BF4B-00C04F79EFBC}") = "Azuremon.DataStore.Mock", "Azuremon.DataStore.Mock\Azuremon.DataStore.Mock.csproj", "{267DE88C-2D9C-4957-AC68-29EDDF666406}"
EndProject
Project("{D954291E-2A0B-460D-934E-DC6B0785DB48}") = "Azuremon.DataObjects", "Azuremon.DataObjects\Azuremon.DataObjects.shproj", "{C8611C46-89B9-400F-8FC1-8C01D48FAAAE}"
EndProject
Project("{2150E333-8FDC-42A3-9474-1A3956D46DE8}") = "Backend", "Backend", "{0D3C507B-3F9E-40DD-9B15-63F992AC8D2A}"
EndProject
Project("{FAE04EC0-301F-11D3-BF4B-00C04F79EFBC}") = "Azuremon.Android", "Azuremon.Android\Azuremon.Android.csproj", "{29E305D6-5FA8-4130-BA65-FF186826CAB4}"
EndProject
Project("{FAE04EC0-301F-11D3-BF4B-00C04F79EFBC}") = "Azuremon.iOS", "Azuremon.iOS\Azuremon.iOS.csproj", "{A7057CD2-B15C-418F-B58F-4E2D27AF4F9B}"
EndProject
Project("{FAE04EC0-301F-11D3-BF4B-00C04F79EFBC}") = "Azuremon.UWP", "Azuremon.UWP\Azuremon.UWP.csproj", "{8A8E85E1-ACC2-478E-983B-06408841884C}"
EndProject
Project("{2150E333-8FDC-42A3-9474-1A3956D46DE8}") = "Targets", "Targets", "{4319B039-49E2-42E0-A531-02D48D85A12A}"
EndProject
Project("{2150E333-8FDC-42A3-9474-1A3956D46DE8}") = "Shared", "Shared", "{0A74EB5D-ABFB-4BA1-AC5E-0BFFBF6C55B2}"
EndProject
Project("{FAE04EC0-301F-11D3-BF4B-00C04F79EFBC}") = "Azuremon.Core", "Azuremon.Core\Azuremon.Core.csproj", "{C983935F-C185-47E9-8ACC-F20FF424F001}"
EndProject
Project("{FAE04EC0-301F-11D3-BF4B-00C04F79EFBC}") = "Azuremon.Utils", "Azuremon.Utils\Azuremon.Utils.csproj", "{8C69B2F4-D4E0-47EE-BC07-108E6747DA7F}"
EndProject
Global
	GlobalSection(SharedMSBuildProjectFiles) = preSolution
		Azuremon.DataObjects\Azuremon.DataObjects.projitems*{77642a26-d07d-4381-8d18-8ce2bf645a21}*SharedItemsImports = 4
		Azuremon.DataObjects\Azuremon.DataObjects.projitems*{c8611c46-89b9-400f-8fc1-8c01d48faaae}*SharedItemsImports = 13
	EndGlobalSection
	GlobalSection(SolutionConfigurationPlatforms) = preSolution
		Ad-Hoc|Any CPU = Ad-Hoc|Any CPU
		Ad-Hoc|ARM = Ad-Hoc|ARM
		Ad-Hoc|iPhone = Ad-Hoc|iPhone
		Ad-Hoc|iPhoneSimulator = Ad-Hoc|iPhoneSimulator
		Ad-Hoc|x64 = Ad-Hoc|x64
		Ad-Hoc|x86 = Ad-Hoc|x86
		AppStore|Any CPU = AppStore|Any CPU
		AppStore|ARM = AppStore|ARM
		AppStore|iPhone = AppStore|iPhone
		AppStore|iPhoneSimulator = AppStore|iPhoneSimulator
		AppStore|x64 = AppStore|x64
		AppStore|x86 = AppStore|x86
		Debug|Any CPU = Debug|Any CPU
		Debug|ARM = Debug|ARM
		Debug|iPhone = Debug|iPhone
		Debug|iPhoneSimulator = Debug|iPhoneSimulator
		Debug|x64 = Debug|x64
		Debug|x86 = Debug|x86
		Release|Any CPU = Release|Any CPU
		Release|ARM = Release|ARM
		Release|iPhone = Release|iPhone
		Release|iPhoneSimulator = Release|iPhoneSimulator
		Release|x64 = Release|x64
		Release|x86 = Release|x86
	EndGlobalSection
	GlobalSection(ProjectConfigurationPlatforms) = postSolution
		{77642A26-D07D-4381-8D18-8CE2BF645A21}.Ad-Hoc|Any CPU.ActiveCfg = Release|Any CPU
		{77642A26-D07D-4381-8D18-8CE2BF645A21}.Ad-Hoc|Any CPU.Build.0 = Release|Any CPU
		{77642A26-D07D-4381-8D18-8CE2BF645A21}.Ad-Hoc|ARM.ActiveCfg = Release|Any CPU
		{77642A26-D07D-4381-8D18-8CE2BF645A21}.Ad-Hoc|ARM.Build.0 = Release|Any CPU
		{77642A26-D07D-4381-8D18-8CE2BF645A21}.Ad-Hoc|iPhone.ActiveCfg = Release|Any CPU
		{77642A26-D07D-4381-8D18-8CE2BF645A21}.Ad-Hoc|iPhone.Build.0 = Release|Any CPU
		{77642A26-D07D-4381-8D18-8CE2BF645A21}.Ad-Hoc|iPhoneSimulator.ActiveCfg = Release|Any CPU
		{77642A26-D07D-4381-8D18-8CE2BF645A21}.Ad-Hoc|iPhoneSimulator.Build.0 = Release|Any CPU
		{77642A26-D07D-4381-8D18-8CE2BF645A21}.Ad-Hoc|x64.ActiveCfg = Release|Any CPU
		{77642A26-D07D-4381-8D18-8CE2BF645A21}.Ad-Hoc|x64.Build.0 = Release|Any CPU
		{77642A26-D07D-4381-8D18-8CE2BF645A21}.Ad-Hoc|x86.ActiveCfg = Release|Any CPU
		{77642A26-D07D-4381-8D18-8CE2BF645A21}.Ad-Hoc|x86.Build.0 = Release|Any CPU
		{77642A26-D07D-4381-8D18-8CE2BF645A21}.AppStore|Any CPU.ActiveCfg = Release|Any CPU
		{77642A26-D07D-4381-8D18-8CE2BF645A21}.AppStore|Any CPU.Build.0 = Release|Any CPU
		{77642A26-D07D-4381-8D18-8CE2BF645A21}.AppStore|ARM.ActiveCfg = Release|Any CPU
		{77642A26-D07D-4381-8D18-8CE2BF645A21}.AppStore|ARM.Build.0 = Release|Any CPU
		{77642A26-D07D-4381-8D18-8CE2BF645A21}.AppStore|iPhone.ActiveCfg = Release|Any CPU
		{77642A26-D07D-4381-8D18-8CE2BF645A21}.AppStore|iPhone.Build.0 = Release|Any CPU
		{77642A26-D07D-4381-8D18-8CE2BF645A21}.AppStore|iPhoneSimulator.ActiveCfg = Release|Any CPU
		{77642A26-D07D-4381-8D18-8CE2BF645A21}.AppStore|iPhoneSimulator.Build.0 = Release|Any CPU
		{77642A26-D07D-4381-8D18-8CE2BF645A21}.AppStore|x64.ActiveCfg = Release|Any CPU
		{77642A26-D07D-4381-8D18-8CE2BF645A21}.AppStore|x64.Build.0 = Release|Any CPU
		{77642A26-D07D-4381-8D18-8CE2BF645A21}.AppStore|x86.ActiveCfg = Release|Any CPU
		{77642A26-D07D-4381-8D18-8CE2BF645A21}.AppStore|x86.Build.0 = Release|Any CPU
		{77642A26-D07D-4381-8D18-8CE2BF645A21}.Debug|Any CPU.ActiveCfg = Debug|Any CPU
		{77642A26-D07D-4381-8D18-8CE2BF645A21}.Debug|Any CPU.Build.0 = Debug|Any CPU
		{77642A26-D07D-4381-8D18-8CE2BF645A21}.Debug|ARM.ActiveCfg = Debug|Any CPU
		{77642A26-D07D-4381-8D18-8CE2BF645A21}.Debug|ARM.Build.0 = Debug|Any CPU
		{77642A26-D07D-4381-8D18-8CE2BF645A21}.Debug|iPhone.ActiveCfg = Debug|Any CPU
		{77642A26-D07D-4381-8D18-8CE2BF645A21}.Debug|iPhone.Build.0 = Debug|Any CPU
		{77642A26-D07D-4381-8D18-8CE2BF645A21}.Debug|iPhoneSimulator.ActiveCfg = Debug|Any CPU
		{77642A26-D07D-4381-8D18-8CE2BF645A21}.Debug|iPhoneSimulator.Build.0 = Debug|Any CPU
		{77642A26-D07D-4381-8D18-8CE2BF645A21}.Debug|x64.ActiveCfg = Debug|Any CPU
		{77642A26-D07D-4381-8D18-8CE2BF645A21}.Debug|x64.Build.0 = Debug|Any CPU
		{77642A26-D07D-4381-8D18-8CE2BF645A21}.Debug|x86.ActiveCfg = Debug|Any CPU
		{77642A26-D07D-4381-8D18-8CE2BF645A21}.Debug|x86.Build.0 = Debug|Any CPU
		{77642A26-D07D-4381-8D18-8CE2BF645A21}.Release|Any CPU.ActiveCfg = Release|Any CPU
		{77642A26-D07D-4381-8D18-8CE2BF645A21}.Release|Any CPU.Build.0 = Release|Any CPU
		{77642A26-D07D-4381-8D18-8CE2BF645A21}.Release|ARM.ActiveCfg = Release|Any CPU
		{77642A26-D07D-4381-8D18-8CE2BF645A21}.Release|ARM.Build.0 = Release|Any CPU
		{77642A26-D07D-4381-8D18-8CE2BF645A21}.Release|iPhone.ActiveCfg = Release|Any CPU
		{77642A26-D07D-4381-8D18-8CE2BF645A21}.Release|iPhone.Build.0 = Release|Any CPU
		{77642A26-D07D-4381-8D18-8CE2BF645A21}.Release|iPhoneSimulator.ActiveCfg = Release|Any CPU
		{77642A26-D07D-4381-8D18-8CE2BF645A21}.Release|iPhoneSimulator.Build.0 = Release|Any CPU
		{77642A26-D07D-4381-8D18-8CE2BF645A21}.Release|x64.ActiveCfg = Release|Any CPU
		{77642A26-D07D-4381-8D18-8CE2BF645A21}.Release|x64.Build.0 = Release|Any CPU
		{77642A26-D07D-4381-8D18-8CE2BF645A21}.Release|x86.ActiveCfg = Release|Any CPU
		{77642A26-D07D-4381-8D18-8CE2BF645A21}.Release|x86.Build.0 = Release|Any CPU
		{EC937417-F6A1-4204-902F-BAE5DC3F893E}.Ad-Hoc|Any CPU.ActiveCfg = Release|Any CPU
		{EC937417-F6A1-4204-902F-BAE5DC3F893E}.Ad-Hoc|Any CPU.Build.0 = Release|Any CPU
		{EC937417-F6A1-4204-902F-BAE5DC3F893E}.Ad-Hoc|ARM.ActiveCfg = Release|Any CPU
		{EC937417-F6A1-4204-902F-BAE5DC3F893E}.Ad-Hoc|ARM.Build.0 = Release|Any CPU
		{EC937417-F6A1-4204-902F-BAE5DC3F893E}.Ad-Hoc|iPhone.ActiveCfg = Release|Any CPU
		{EC937417-F6A1-4204-902F-BAE5DC3F893E}.Ad-Hoc|iPhone.Build.0 = Release|Any CPU
		{EC937417-F6A1-4204-902F-BAE5DC3F893E}.Ad-Hoc|iPhoneSimulator.ActiveCfg = Release|Any CPU
		{EC937417-F6A1-4204-902F-BAE5DC3F893E}.Ad-Hoc|iPhoneSimulator.Build.0 = Release|Any CPU
		{EC937417-F6A1-4204-902F-BAE5DC3F893E}.Ad-Hoc|x64.ActiveCfg = Release|Any CPU
		{EC937417-F6A1-4204-902F-BAE5DC3F893E}.Ad-Hoc|x64.Build.0 = Release|Any CPU
		{EC937417-F6A1-4204-902F-BAE5DC3F893E}.Ad-Hoc|x86.ActiveCfg = Release|Any CPU
		{EC937417-F6A1-4204-902F-BAE5DC3F893E}.Ad-Hoc|x86.Build.0 = Release|Any CPU
		{EC937417-F6A1-4204-902F-BAE5DC3F893E}.AppStore|Any CPU.ActiveCfg = Release|Any CPU
		{EC937417-F6A1-4204-902F-BAE5DC3F893E}.AppStore|Any CPU.Build.0 = Release|Any CPU
		{EC937417-F6A1-4204-902F-BAE5DC3F893E}.AppStore|ARM.ActiveCfg = Release|Any CPU
		{EC937417-F6A1-4204-902F-BAE5DC3F893E}.AppStore|ARM.Build.0 = Release|Any CPU
		{EC937417-F6A1-4204-902F-BAE5DC3F893E}.AppStore|iPhone.ActiveCfg = Release|Any CPU
		{EC937417-F6A1-4204-902F-BAE5DC3F893E}.AppStore|iPhone.Build.0 = Release|Any CPU
		{EC937417-F6A1-4204-902F-BAE5DC3F893E}.AppStore|iPhoneSimulator.ActiveCfg = Release|Any CPU
		{EC937417-F6A1-4204-902F-BAE5DC3F893E}.AppStore|iPhoneSimulator.Build.0 = Release|Any CPU
		{EC937417-F6A1-4204-902F-BAE5DC3F893E}.AppStore|x64.ActiveCfg = Release|Any CPU
		{EC937417-F6A1-4204-902F-BAE5DC3F893E}.AppStore|x64.Build.0 = Release|Any CPU
		{EC937417-F6A1-4204-902F-BAE5DC3F893E}.AppStore|x86.ActiveCfg = Release|Any CPU
		{EC937417-F6A1-4204-902F-BAE5DC3F893E}.AppStore|x86.Build.0 = Release|Any CPU
		{EC937417-F6A1-4204-902F-BAE5DC3F893E}.Debug|Any CPU.ActiveCfg = Debug|Any CPU
		{EC937417-F6A1-4204-902F-BAE5DC3F893E}.Debug|Any CPU.Build.0 = Debug|Any CPU
		{EC937417-F6A1-4204-902F-BAE5DC3F893E}.Debug|ARM.ActiveCfg = Debug|Any CPU
		{EC937417-F6A1-4204-902F-BAE5DC3F893E}.Debug|ARM.Build.0 = Debug|Any CPU
		{EC937417-F6A1-4204-902F-BAE5DC3F893E}.Debug|iPhone.ActiveCfg = Debug|Any CPU
		{EC937417-F6A1-4204-902F-BAE5DC3F893E}.Debug|iPhone.Build.0 = Debug|Any CPU
		{EC937417-F6A1-4204-902F-BAE5DC3F893E}.Debug|iPhoneSimulator.ActiveCfg = Debug|Any CPU
		{EC937417-F6A1-4204-902F-BAE5DC3F893E}.Debug|iPhoneSimulator.Build.0 = Debug|Any CPU
		{EC937417-F6A1-4204-902F-BAE5DC3F893E}.Debug|x64.ActiveCfg = Debug|Any CPU
		{EC937417-F6A1-4204-902F-BAE5DC3F893E}.Debug|x64.Build.0 = Debug|Any CPU
		{EC937417-F6A1-4204-902F-BAE5DC3F893E}.Debug|x86.ActiveCfg = Debug|Any CPU
		{EC937417-F6A1-4204-902F-BAE5DC3F893E}.Debug|x86.Build.0 = Debug|Any CPU
		{EC937417-F6A1-4204-902F-BAE5DC3F893E}.Release|Any CPU.ActiveCfg = Release|Any CPU
		{EC937417-F6A1-4204-902F-BAE5DC3F893E}.Release|Any CPU.Build.0 = Release|Any CPU
		{EC937417-F6A1-4204-902F-BAE5DC3F893E}.Release|ARM.ActiveCfg = Release|Any CPU
		{EC937417-F6A1-4204-902F-BAE5DC3F893E}.Release|ARM.Build.0 = Release|Any CPU
		{EC937417-F6A1-4204-902F-BAE5DC3F893E}.Release|iPhone.ActiveCfg = Release|Any CPU
		{EC937417-F6A1-4204-902F-BAE5DC3F893E}.Release|iPhone.Build.0 = Release|Any CPU
		{EC937417-F6A1-4204-902F-BAE5DC3F893E}.Release|iPhoneSimulator.ActiveCfg = Release|Any CPU
		{EC937417-F6A1-4204-902F-BAE5DC3F893E}.Release|iPhoneSimulator.Build.0 = Release|Any CPU
		{EC937417-F6A1-4204-902F-BAE5DC3F893E}.Release|x64.ActiveCfg = Release|Any CPU
		{EC937417-F6A1-4204-902F-BAE5DC3F893E}.Release|x64.Build.0 = Release|Any CPU
		{EC937417-F6A1-4204-902F-BAE5DC3F893E}.Release|x86.ActiveCfg = Release|Any CPU
		{EC937417-F6A1-4204-902F-BAE5DC3F893E}.Release|x86.Build.0 = Release|Any CPU
		{267DE88C-2D9C-4957-AC68-29EDDF666406}.Ad-Hoc|Any CPU.ActiveCfg = Release|Any CPU
		{267DE88C-2D9C-4957-AC68-29EDDF666406}.Ad-Hoc|Any CPU.Build.0 = Release|Any CPU
		{267DE88C-2D9C-4957-AC68-29EDDF666406}.Ad-Hoc|ARM.ActiveCfg = Release|Any CPU
		{267DE88C-2D9C-4957-AC68-29EDDF666406}.Ad-Hoc|ARM.Build.0 = Release|Any CPU
		{267DE88C-2D9C-4957-AC68-29EDDF666406}.Ad-Hoc|iPhone.ActiveCfg = Release|Any CPU
		{267DE88C-2D9C-4957-AC68-29EDDF666406}.Ad-Hoc|iPhone.Build.0 = Release|Any CPU
		{267DE88C-2D9C-4957-AC68-29EDDF666406}.Ad-Hoc|iPhoneSimulator.ActiveCfg = Release|Any CPU
		{267DE88C-2D9C-4957-AC68-29EDDF666406}.Ad-Hoc|iPhoneSimulator.Build.0 = Release|Any CPU
		{267DE88C-2D9C-4957-AC68-29EDDF666406}.Ad-Hoc|x64.ActiveCfg = Release|Any CPU
		{267DE88C-2D9C-4957-AC68-29EDDF666406}.Ad-Hoc|x64.Build.0 = Release|Any CPU
		{267DE88C-2D9C-4957-AC68-29EDDF666406}.Ad-Hoc|x86.ActiveCfg = Release|Any CPU
		{267DE88C-2D9C-4957-AC68-29EDDF666406}.Ad-Hoc|x86.Build.0 = Release|Any CPU
		{267DE88C-2D9C-4957-AC68-29EDDF666406}.AppStore|Any CPU.ActiveCfg = Release|Any CPU
		{267DE88C-2D9C-4957-AC68-29EDDF666406}.AppStore|Any CPU.Build.0 = Release|Any CPU
		{267DE88C-2D9C-4957-AC68-29EDDF666406}.AppStore|ARM.ActiveCfg = Release|Any CPU
		{267DE88C-2D9C-4957-AC68-29EDDF666406}.AppStore|ARM.Build.0 = Release|Any CPU
		{267DE88C-2D9C-4957-AC68-29EDDF666406}.AppStore|iPhone.ActiveCfg = Release|Any CPU
		{267DE88C-2D9C-4957-AC68-29EDDF666406}.AppStore|iPhone.Build.0 = Release|Any CPU
		{267DE88C-2D9C-4957-AC68-29EDDF666406}.AppStore|iPhoneSimulator.ActiveCfg = Release|Any CPU
		{267DE88C-2D9C-4957-AC68-29EDDF666406}.AppStore|iPhoneSimulator.Build.0 = Release|Any CPU
		{267DE88C-2D9C-4957-AC68-29EDDF666406}.AppStore|x64.ActiveCfg = Release|Any CPU
		{267DE88C-2D9C-4957-AC68-29EDDF666406}.AppStore|x64.Build.0 = Release|Any CPU
		{267DE88C-2D9C-4957-AC68-29EDDF666406}.AppStore|x86.ActiveCfg = Release|Any CPU
		{267DE88C-2D9C-4957-AC68-29EDDF666406}.AppStore|x86.Build.0 = Release|Any CPU
		{267DE88C-2D9C-4957-AC68-29EDDF666406}.Debug|Any CPU.ActiveCfg = Debug|Any CPU
		{267DE88C-2D9C-4957-AC68-29EDDF666406}.Debug|Any CPU.Build.0 = Debug|Any CPU
		{267DE88C-2D9C-4957-AC68-29EDDF666406}.Debug|ARM.ActiveCfg = Debug|Any CPU
		{267DE88C-2D9C-4957-AC68-29EDDF666406}.Debug|ARM.Build.0 = Debug|Any CPU
		{267DE88C-2D9C-4957-AC68-29EDDF666406}.Debug|iPhone.ActiveCfg = Debug|Any CPU
		{267DE88C-2D9C-4957-AC68-29EDDF666406}.Debug|iPhone.Build.0 = Debug|Any CPU
		{267DE88C-2D9C-4957-AC68-29EDDF666406}.Debug|iPhoneSimulator.ActiveCfg = Debug|Any CPU
		{267DE88C-2D9C-4957-AC68-29EDDF666406}.Debug|iPhoneSimulator.Build.0 = Debug|Any CPU
		{267DE88C-2D9C-4957-AC68-29EDDF666406}.Debug|x64.ActiveCfg = Debug|Any CPU
		{267DE88C-2D9C-4957-AC68-29EDDF666406}.Debug|x64.Build.0 = Debug|Any CPU
		{267DE88C-2D9C-4957-AC68-29EDDF666406}.Debug|x86.ActiveCfg = Debug|Any CPU
		{267DE88C-2D9C-4957-AC68-29EDDF666406}.Debug|x86.Build.0 = Debug|Any CPU
		{267DE88C-2D9C-4957-AC68-29EDDF666406}.Release|Any CPU.ActiveCfg = Release|Any CPU
		{267DE88C-2D9C-4957-AC68-29EDDF666406}.Release|Any CPU.Build.0 = Release|Any CPU
		{267DE88C-2D9C-4957-AC68-29EDDF666406}.Release|ARM.ActiveCfg = Release|Any CPU
		{267DE88C-2D9C-4957-AC68-29EDDF666406}.Release|ARM.Build.0 = Release|Any CPU
		{267DE88C-2D9C-4957-AC68-29EDDF666406}.Release|iPhone.ActiveCfg = Release|Any CPU
		{267DE88C-2D9C-4957-AC68-29EDDF666406}.Release|iPhone.Build.0 = Release|Any CPU
		{267DE88C-2D9C-4957-AC68-29EDDF666406}.Release|iPhoneSimulator.ActiveCfg = Release|Any CPU
		{267DE88C-2D9C-4957-AC68-29EDDF666406}.Release|iPhoneSimulator.Build.0 = Release|Any CPU
		{267DE88C-2D9C-4957-AC68-29EDDF666406}.Release|x64.ActiveCfg = Release|Any CPU
		{267DE88C-2D9C-4957-AC68-29EDDF666406}.Release|x64.Build.0 = Release|Any CPU
		{267DE88C-2D9C-4957-AC68-29EDDF666406}.Release|x86.ActiveCfg = Release|Any CPU
		{267DE88C-2D9C-4957-AC68-29EDDF666406}.Release|x86.Build.0 = Release|Any CPU
		{29E305D6-5FA8-4130-BA65-FF186826CAB4}.Ad-Hoc|Any CPU.ActiveCfg = Release|Any CPU
		{29E305D6-5FA8-4130-BA65-FF186826CAB4}.Ad-Hoc|Any CPU.Build.0 = Release|Any CPU
		{29E305D6-5FA8-4130-BA65-FF186826CAB4}.Ad-Hoc|Any CPU.Deploy.0 = Release|Any CPU
		{29E305D6-5FA8-4130-BA65-FF186826CAB4}.Ad-Hoc|ARM.ActiveCfg = Release|Any CPU
		{29E305D6-5FA8-4130-BA65-FF186826CAB4}.Ad-Hoc|ARM.Build.0 = Release|Any CPU
		{29E305D6-5FA8-4130-BA65-FF186826CAB4}.Ad-Hoc|ARM.Deploy.0 = Release|Any CPU
		{29E305D6-5FA8-4130-BA65-FF186826CAB4}.Ad-Hoc|iPhone.ActiveCfg = Release|Any CPU
		{29E305D6-5FA8-4130-BA65-FF186826CAB4}.Ad-Hoc|iPhone.Build.0 = Release|Any CPU
		{29E305D6-5FA8-4130-BA65-FF186826CAB4}.Ad-Hoc|iPhone.Deploy.0 = Release|Any CPU
		{29E305D6-5FA8-4130-BA65-FF186826CAB4}.Ad-Hoc|iPhoneSimulator.ActiveCfg = Release|Any CPU
		{29E305D6-5FA8-4130-BA65-FF186826CAB4}.Ad-Hoc|iPhoneSimulator.Build.0 = Release|Any CPU
		{29E305D6-5FA8-4130-BA65-FF186826CAB4}.Ad-Hoc|iPhoneSimulator.Deploy.0 = Release|Any CPU
		{29E305D6-5FA8-4130-BA65-FF186826CAB4}.Ad-Hoc|x64.ActiveCfg = Release|Any CPU
		{29E305D6-5FA8-4130-BA65-FF186826CAB4}.Ad-Hoc|x64.Build.0 = Release|Any CPU
		{29E305D6-5FA8-4130-BA65-FF186826CAB4}.Ad-Hoc|x64.Deploy.0 = Release|Any CPU
		{29E305D6-5FA8-4130-BA65-FF186826CAB4}.Ad-Hoc|x86.ActiveCfg = Release|Any CPU
		{29E305D6-5FA8-4130-BA65-FF186826CAB4}.Ad-Hoc|x86.Build.0 = Release|Any CPU
		{29E305D6-5FA8-4130-BA65-FF186826CAB4}.Ad-Hoc|x86.Deploy.0 = Release|Any CPU
		{29E305D6-5FA8-4130-BA65-FF186826CAB4}.AppStore|Any CPU.ActiveCfg = Release|Any CPU
		{29E305D6-5FA8-4130-BA65-FF186826CAB4}.AppStore|Any CPU.Build.0 = Release|Any CPU
		{29E305D6-5FA8-4130-BA65-FF186826CAB4}.AppStore|Any CPU.Deploy.0 = Release|Any CPU
		{29E305D6-5FA8-4130-BA65-FF186826CAB4}.AppStore|ARM.ActiveCfg = Release|Any CPU
		{29E305D6-5FA8-4130-BA65-FF186826CAB4}.AppStore|ARM.Build.0 = Release|Any CPU
		{29E305D6-5FA8-4130-BA65-FF186826CAB4}.AppStore|ARM.Deploy.0 = Release|Any CPU
		{29E305D6-5FA8-4130-BA65-FF186826CAB4}.AppStore|iPhone.ActiveCfg = Release|Any CPU
		{29E305D6-5FA8-4130-BA65-FF186826CAB4}.AppStore|iPhone.Build.0 = Release|Any CPU
		{29E305D6-5FA8-4130-BA65-FF186826CAB4}.AppStore|iPhone.Deploy.0 = Release|Any CPU
		{29E305D6-5FA8-4130-BA65-FF186826CAB4}.AppStore|iPhoneSimulator.ActiveCfg = Release|Any CPU
		{29E305D6-5FA8-4130-BA65-FF186826CAB4}.AppStore|iPhoneSimulator.Build.0 = Release|Any CPU
		{29E305D6-5FA8-4130-BA65-FF186826CAB4}.AppStore|iPhoneSimulator.Deploy.0 = Release|Any CPU
		{29E305D6-5FA8-4130-BA65-FF186826CAB4}.AppStore|x64.ActiveCfg = Release|Any CPU
		{29E305D6-5FA8-4130-BA65-FF186826CAB4}.AppStore|x64.Build.0 = Release|Any CPU
		{29E305D6-5FA8-4130-BA65-FF186826CAB4}.AppStore|x64.Deploy.0 = Release|Any CPU
		{29E305D6-5FA8-4130-BA65-FF186826CAB4}.AppStore|x86.ActiveCfg = Release|Any CPU
		{29E305D6-5FA8-4130-BA65-FF186826CAB4}.AppStore|x86.Build.0 = Release|Any CPU
		{29E305D6-5FA8-4130-BA65-FF186826CAB4}.AppStore|x86.Deploy.0 = Release|Any CPU
		{29E305D6-5FA8-4130-BA65-FF186826CAB4}.Debug|Any CPU.ActiveCfg = Debug|Any CPU
		{29E305D6-5FA8-4130-BA65-FF186826CAB4}.Debug|Any CPU.Build.0 = Debug|Any CPU
		{29E305D6-5FA8-4130-BA65-FF186826CAB4}.Debug|Any CPU.Deploy.0 = Debug|Any CPU
		{29E305D6-5FA8-4130-BA65-FF186826CAB4}.Debug|ARM.ActiveCfg = Debug|Any CPU
		{29E305D6-5FA8-4130-BA65-FF186826CAB4}.Debug|ARM.Build.0 = Debug|Any CPU
		{29E305D6-5FA8-4130-BA65-FF186826CAB4}.Debug|ARM.Deploy.0 = Debug|Any CPU
		{29E305D6-5FA8-4130-BA65-FF186826CAB4}.Debug|iPhone.ActiveCfg = Debug|Any CPU
		{29E305D6-5FA8-4130-BA65-FF186826CAB4}.Debug|iPhone.Build.0 = Debug|Any CPU
		{29E305D6-5FA8-4130-BA65-FF186826CAB4}.Debug|iPhone.Deploy.0 = Debug|Any CPU
		{29E305D6-5FA8-4130-BA65-FF186826CAB4}.Debug|iPhoneSimulator.ActiveCfg = Debug|Any CPU
		{29E305D6-5FA8-4130-BA65-FF186826CAB4}.Debug|iPhoneSimulator.Build.0 = Debug|Any CPU
		{29E305D6-5FA8-4130-BA65-FF186826CAB4}.Debug|iPhoneSimulator.Deploy.0 = Debug|Any CPU
		{29E305D6-5FA8-4130-BA65-FF186826CAB4}.Debug|x64.ActiveCfg = Debug|Any CPU
		{29E305D6-5FA8-4130-BA65-FF186826CAB4}.Debug|x64.Build.0 = Debug|Any CPU
		{29E305D6-5FA8-4130-BA65-FF186826CAB4}.Debug|x64.Deploy.0 = Debug|Any CPU
		{29E305D6-5FA8-4130-BA65-FF186826CAB4}.Debug|x86.ActiveCfg = Debug|Any CPU
		{29E305D6-5FA8-4130-BA65-FF186826CAB4}.Debug|x86.Build.0 = Debug|Any CPU
		{29E305D6-5FA8-4130-BA65-FF186826CAB4}.Debug|x86.Deploy.0 = Debug|Any CPU
		{29E305D6-5FA8-4130-BA65-FF186826CAB4}.Release|Any CPU.ActiveCfg = Release|Any CPU
		{29E305D6-5FA8-4130-BA65-FF186826CAB4}.Release|Any CPU.Build.0 = Release|Any CPU
		{29E305D6-5FA8-4130-BA65-FF186826CAB4}.Release|Any CPU.Deploy.0 = Release|Any CPU
		{29E305D6-5FA8-4130-BA65-FF186826CAB4}.Release|ARM.ActiveCfg = Release|Any CPU
		{29E305D6-5FA8-4130-BA65-FF186826CAB4}.Release|ARM.Build.0 = Release|Any CPU
		{29E305D6-5FA8-4130-BA65-FF186826CAB4}.Release|ARM.Deploy.0 = Release|Any CPU
		{29E305D6-5FA8-4130-BA65-FF186826CAB4}.Release|iPhone.ActiveCfg = Release|Any CPU
		{29E305D6-5FA8-4130-BA65-FF186826CAB4}.Release|iPhone.Build.0 = Release|Any CPU
		{29E305D6-5FA8-4130-BA65-FF186826CAB4}.Release|iPhone.Deploy.0 = Release|Any CPU
		{29E305D6-5FA8-4130-BA65-FF186826CAB4}.Release|iPhoneSimulator.ActiveCfg = Release|Any CPU
		{29E305D6-5FA8-4130-BA65-FF186826CAB4}.Release|iPhoneSimulator.Build.0 = Release|Any CPU
		{29E305D6-5FA8-4130-BA65-FF186826CAB4}.Release|iPhoneSimulator.Deploy.0 = Release|Any CPU
		{29E305D6-5FA8-4130-BA65-FF186826CAB4}.Release|x64.ActiveCfg = Release|Any CPU
		{29E305D6-5FA8-4130-BA65-FF186826CAB4}.Release|x64.Build.0 = Release|Any CPU
		{29E305D6-5FA8-4130-BA65-FF186826CAB4}.Release|x64.Deploy.0 = Release|Any CPU
		{29E305D6-5FA8-4130-BA65-FF186826CAB4}.Release|x86.ActiveCfg = Release|Any CPU
		{29E305D6-5FA8-4130-BA65-FF186826CAB4}.Release|x86.Build.0 = Release|Any CPU
		{29E305D6-5FA8-4130-BA65-FF186826CAB4}.Release|x86.Deploy.0 = Release|Any CPU
		{A7057CD2-B15C-418F-B58F-4E2D27AF4F9B}.Ad-Hoc|Any CPU.ActiveCfg = Ad-Hoc|iPhone
		{A7057CD2-B15C-418F-B58F-4E2D27AF4F9B}.Ad-Hoc|ARM.ActiveCfg = Ad-Hoc|iPhone
		{A7057CD2-B15C-418F-B58F-4E2D27AF4F9B}.Ad-Hoc|iPhone.ActiveCfg = Ad-Hoc|iPhone
		{A7057CD2-B15C-418F-B58F-4E2D27AF4F9B}.Ad-Hoc|iPhone.Build.0 = Ad-Hoc|iPhone
		{A7057CD2-B15C-418F-B58F-4E2D27AF4F9B}.Ad-Hoc|iPhoneSimulator.ActiveCfg = Ad-Hoc|iPhoneSimulator
		{A7057CD2-B15C-418F-B58F-4E2D27AF4F9B}.Ad-Hoc|iPhoneSimulator.Build.0 = Ad-Hoc|iPhoneSimulator
		{A7057CD2-B15C-418F-B58F-4E2D27AF4F9B}.Ad-Hoc|x64.ActiveCfg = Ad-Hoc|iPhone
		{A7057CD2-B15C-418F-B58F-4E2D27AF4F9B}.Ad-Hoc|x86.ActiveCfg = Ad-Hoc|iPhone
		{A7057CD2-B15C-418F-B58F-4E2D27AF4F9B}.AppStore|Any CPU.ActiveCfg = AppStore|iPhone
		{A7057CD2-B15C-418F-B58F-4E2D27AF4F9B}.AppStore|ARM.ActiveCfg = AppStore|iPhone
		{A7057CD2-B15C-418F-B58F-4E2D27AF4F9B}.AppStore|iPhone.ActiveCfg = AppStore|iPhone
		{A7057CD2-B15C-418F-B58F-4E2D27AF4F9B}.AppStore|iPhone.Build.0 = AppStore|iPhone
		{A7057CD2-B15C-418F-B58F-4E2D27AF4F9B}.AppStore|iPhoneSimulator.ActiveCfg = AppStore|iPhoneSimulator
		{A7057CD2-B15C-418F-B58F-4E2D27AF4F9B}.AppStore|iPhoneSimulator.Build.0 = AppStore|iPhoneSimulator
		{A7057CD2-B15C-418F-B58F-4E2D27AF4F9B}.AppStore|x64.ActiveCfg = AppStore|iPhone
		{A7057CD2-B15C-418F-B58F-4E2D27AF4F9B}.AppStore|x86.ActiveCfg = AppStore|iPhone
		{A7057CD2-B15C-418F-B58F-4E2D27AF4F9B}.Debug|Any CPU.ActiveCfg = Debug|iPhone
		{A7057CD2-B15C-418F-B58F-4E2D27AF4F9B}.Debug|ARM.ActiveCfg = Debug|iPhone
		{A7057CD2-B15C-418F-B58F-4E2D27AF4F9B}.Debug|iPhone.ActiveCfg = Debug|iPhone
		{A7057CD2-B15C-418F-B58F-4E2D27AF4F9B}.Debug|iPhone.Build.0 = Debug|iPhone
		{A7057CD2-B15C-418F-B58F-4E2D27AF4F9B}.Debug|iPhoneSimulator.ActiveCfg = Debug|iPhoneSimulator
		{A7057CD2-B15C-418F-B58F-4E2D27AF4F9B}.Debug|iPhoneSimulator.Build.0 = Debug|iPhoneSimulator
		{A7057CD2-B15C-418F-B58F-4E2D27AF4F9B}.Debug|x64.ActiveCfg = Debug|iPhone
		{A7057CD2-B15C-418F-B58F-4E2D27AF4F9B}.Debug|x86.ActiveCfg = Debug|iPhone
		{A7057CD2-B15C-418F-B58F-4E2D27AF4F9B}.Release|Any CPU.ActiveCfg = Release|iPhone
		{A7057CD2-B15C-418F-B58F-4E2D27AF4F9B}.Release|ARM.ActiveCfg = Release|iPhone
		{A7057CD2-B15C-418F-B58F-4E2D27AF4F9B}.Release|iPhone.ActiveCfg = Release|iPhone
		{A7057CD2-B15C-418F-B58F-4E2D27AF4F9B}.Release|iPhone.Build.0 = Release|iPhone
		{A7057CD2-B15C-418F-B58F-4E2D27AF4F9B}.Release|iPhoneSimulator.ActiveCfg = Release|iPhoneSimulator
		{A7057CD2-B15C-418F-B58F-4E2D27AF4F9B}.Release|iPhoneSimulator.Build.0 = Release|iPhoneSimulator
		{A7057CD2-B15C-418F-B58F-4E2D27AF4F9B}.Release|x64.ActiveCfg = Release|iPhone
		{A7057CD2-B15C-418F-B58F-4E2D27AF4F9B}.Release|x86.ActiveCfg = Release|iPhone
		{8A8E85E1-ACC2-478E-983B-06408841884C}.Ad-Hoc|Any CPU.ActiveCfg = Release|x64
		{8A8E85E1-ACC2-478E-983B-06408841884C}.Ad-Hoc|Any CPU.Build.0 = Release|x64
		{8A8E85E1-ACC2-478E-983B-06408841884C}.Ad-Hoc|Any CPU.Deploy.0 = Release|x64
		{8A8E85E1-ACC2-478E-983B-06408841884C}.Ad-Hoc|ARM.ActiveCfg = Release|ARM
		{8A8E85E1-ACC2-478E-983B-06408841884C}.Ad-Hoc|ARM.Build.0 = Release|ARM
		{8A8E85E1-ACC2-478E-983B-06408841884C}.Ad-Hoc|ARM.Deploy.0 = Release|ARM
		{8A8E85E1-ACC2-478E-983B-06408841884C}.Ad-Hoc|iPhone.ActiveCfg = Release|x64
		{8A8E85E1-ACC2-478E-983B-06408841884C}.Ad-Hoc|iPhone.Build.0 = Release|x64
		{8A8E85E1-ACC2-478E-983B-06408841884C}.Ad-Hoc|iPhone.Deploy.0 = Release|x64
		{8A8E85E1-ACC2-478E-983B-06408841884C}.Ad-Hoc|iPhoneSimulator.ActiveCfg = Release|x64
		{8A8E85E1-ACC2-478E-983B-06408841884C}.Ad-Hoc|iPhoneSimulator.Build.0 = Release|x64
		{8A8E85E1-ACC2-478E-983B-06408841884C}.Ad-Hoc|iPhoneSimulator.Deploy.0 = Release|x64
		{8A8E85E1-ACC2-478E-983B-06408841884C}.Ad-Hoc|x64.ActiveCfg = Release|x64
		{8A8E85E1-ACC2-478E-983B-06408841884C}.Ad-Hoc|x64.Build.0 = Release|x64
		{8A8E85E1-ACC2-478E-983B-06408841884C}.Ad-Hoc|x64.Deploy.0 = Release|x64
		{8A8E85E1-ACC2-478E-983B-06408841884C}.Ad-Hoc|x86.ActiveCfg = Release|x86
		{8A8E85E1-ACC2-478E-983B-06408841884C}.Ad-Hoc|x86.Build.0 = Release|x86
		{8A8E85E1-ACC2-478E-983B-06408841884C}.Ad-Hoc|x86.Deploy.0 = Release|x86
		{8A8E85E1-ACC2-478E-983B-06408841884C}.AppStore|Any CPU.ActiveCfg = Release|x64
		{8A8E85E1-ACC2-478E-983B-06408841884C}.AppStore|Any CPU.Build.0 = Release|x64
		{8A8E85E1-ACC2-478E-983B-06408841884C}.AppStore|Any CPU.Deploy.0 = Release|x64
		{8A8E85E1-ACC2-478E-983B-06408841884C}.AppStore|ARM.ActiveCfg = Release|ARM
		{8A8E85E1-ACC2-478E-983B-06408841884C}.AppStore|ARM.Build.0 = Release|ARM
		{8A8E85E1-ACC2-478E-983B-06408841884C}.AppStore|ARM.Deploy.0 = Release|ARM
		{8A8E85E1-ACC2-478E-983B-06408841884C}.AppStore|iPhone.ActiveCfg = Release|x64
		{8A8E85E1-ACC2-478E-983B-06408841884C}.AppStore|iPhone.Build.0 = Release|x64
		{8A8E85E1-ACC2-478E-983B-06408841884C}.AppStore|iPhone.Deploy.0 = Release|x64
		{8A8E85E1-ACC2-478E-983B-06408841884C}.AppStore|iPhoneSimulator.ActiveCfg = Release|x64
		{8A8E85E1-ACC2-478E-983B-06408841884C}.AppStore|iPhoneSimulator.Build.0 = Release|x64
		{8A8E85E1-ACC2-478E-983B-06408841884C}.AppStore|iPhoneSimulator.Deploy.0 = Release|x64
		{8A8E85E1-ACC2-478E-983B-06408841884C}.AppStore|x64.ActiveCfg = Release|x64
		{8A8E85E1-ACC2-478E-983B-06408841884C}.AppStore|x64.Build.0 = Release|x64
		{8A8E85E1-ACC2-478E-983B-06408841884C}.AppStore|x64.Deploy.0 = Release|x64
		{8A8E85E1-ACC2-478E-983B-06408841884C}.AppStore|x86.ActiveCfg = Release|x86
		{8A8E85E1-ACC2-478E-983B-06408841884C}.AppStore|x86.Build.0 = Release|x86
		{8A8E85E1-ACC2-478E-983B-06408841884C}.AppStore|x86.Deploy.0 = Release|x86
		{8A8E85E1-ACC2-478E-983B-06408841884C}.Debug|Any CPU.ActiveCfg = Debug|x86
		{8A8E85E1-ACC2-478E-983B-06408841884C}.Debug|ARM.ActiveCfg = Debug|ARM
		{8A8E85E1-ACC2-478E-983B-06408841884C}.Debug|ARM.Build.0 = Debug|ARM
		{8A8E85E1-ACC2-478E-983B-06408841884C}.Debug|ARM.Deploy.0 = Debug|ARM
		{8A8E85E1-ACC2-478E-983B-06408841884C}.Debug|iPhone.ActiveCfg = Debug|x86
		{8A8E85E1-ACC2-478E-983B-06408841884C}.Debug|iPhoneSimulator.ActiveCfg = Debug|x86
		{8A8E85E1-ACC2-478E-983B-06408841884C}.Debug|x64.ActiveCfg = Debug|x64
		{8A8E85E1-ACC2-478E-983B-06408841884C}.Debug|x64.Build.0 = Debug|x64
		{8A8E85E1-ACC2-478E-983B-06408841884C}.Debug|x64.Deploy.0 = Debug|x64
		{8A8E85E1-ACC2-478E-983B-06408841884C}.Debug|x86.ActiveCfg = Debug|x86
		{8A8E85E1-ACC2-478E-983B-06408841884C}.Debug|x86.Build.0 = Debug|x86
		{8A8E85E1-ACC2-478E-983B-06408841884C}.Debug|x86.Deploy.0 = Debug|x86
		{8A8E85E1-ACC2-478E-983B-06408841884C}.Release|Any CPU.ActiveCfg = Release|x86
		{8A8E85E1-ACC2-478E-983B-06408841884C}.Release|ARM.ActiveCfg = Release|ARM
		{8A8E85E1-ACC2-478E-983B-06408841884C}.Release|ARM.Build.0 = Release|ARM
		{8A8E85E1-ACC2-478E-983B-06408841884C}.Release|ARM.Deploy.0 = Release|ARM
		{8A8E85E1-ACC2-478E-983B-06408841884C}.Release|iPhone.ActiveCfg = Release|x86
		{8A8E85E1-ACC2-478E-983B-06408841884C}.Release|iPhoneSimulator.ActiveCfg = Release|x86
		{8A8E85E1-ACC2-478E-983B-06408841884C}.Release|x64.ActiveCfg = Release|x64
		{8A8E85E1-ACC2-478E-983B-06408841884C}.Release|x64.Build.0 = Release|x64
		{8A8E85E1-ACC2-478E-983B-06408841884C}.Release|x64.Deploy.0 = Release|x64
		{8A8E85E1-ACC2-478E-983B-06408841884C}.Release|x86.ActiveCfg = Release|x86
		{8A8E85E1-ACC2-478E-983B-06408841884C}.Release|x86.Build.0 = Release|x86
		{8A8E85E1-ACC2-478E-983B-06408841884C}.Release|x86.Deploy.0 = Release|x86
		{C983935F-C185-47E9-8ACC-F20FF424F001}.Ad-Hoc|Any CPU.ActiveCfg = Release|Any CPU
		{C983935F-C185-47E9-8ACC-F20FF424F001}.Ad-Hoc|Any CPU.Build.0 = Release|Any CPU
		{C983935F-C185-47E9-8ACC-F20FF424F001}.Ad-Hoc|ARM.ActiveCfg = Release|Any CPU
		{C983935F-C185-47E9-8ACC-F20FF424F001}.Ad-Hoc|ARM.Build.0 = Release|Any CPU
		{C983935F-C185-47E9-8ACC-F20FF424F001}.Ad-Hoc|iPhone.ActiveCfg = Release|Any CPU
		{C983935F-C185-47E9-8ACC-F20FF424F001}.Ad-Hoc|iPhone.Build.0 = Release|Any CPU
		{C983935F-C185-47E9-8ACC-F20FF424F001}.Ad-Hoc|iPhoneSimulator.ActiveCfg = Release|Any CPU
		{C983935F-C185-47E9-8ACC-F20FF424F001}.Ad-Hoc|iPhoneSimulator.Build.0 = Release|Any CPU
		{C983935F-C185-47E9-8ACC-F20FF424F001}.Ad-Hoc|x64.ActiveCfg = Release|Any CPU
		{C983935F-C185-47E9-8ACC-F20FF424F001}.Ad-Hoc|x64.Build.0 = Release|Any CPU
		{C983935F-C185-47E9-8ACC-F20FF424F001}.Ad-Hoc|x86.ActiveCfg = Release|Any CPU
		{C983935F-C185-47E9-8ACC-F20FF424F001}.Ad-Hoc|x86.Build.0 = Release|Any CPU
		{C983935F-C185-47E9-8ACC-F20FF424F001}.AppStore|Any CPU.ActiveCfg = Release|Any CPU
		{C983935F-C185-47E9-8ACC-F20FF424F001}.AppStore|Any CPU.Build.0 = Release|Any CPU
		{C983935F-C185-47E9-8ACC-F20FF424F001}.AppStore|ARM.ActiveCfg = Release|Any CPU
		{C983935F-C185-47E9-8ACC-F20FF424F001}.AppStore|ARM.Build.0 = Release|Any CPU
		{C983935F-C185-47E9-8ACC-F20FF424F001}.AppStore|iPhone.ActiveCfg = Release|Any CPU
		{C983935F-C185-47E9-8ACC-F20FF424F001}.AppStore|iPhone.Build.0 = Release|Any CPU
		{C983935F-C185-47E9-8ACC-F20FF424F001}.AppStore|iPhoneSimulator.ActiveCfg = Release|Any CPU
		{C983935F-C185-47E9-8ACC-F20FF424F001}.AppStore|iPhoneSimulator.Build.0 = Release|Any CPU
		{C983935F-C185-47E9-8ACC-F20FF424F001}.AppStore|x64.ActiveCfg = Release|Any CPU
		{C983935F-C185-47E9-8ACC-F20FF424F001}.AppStore|x64.Build.0 = Release|Any CPU
		{C983935F-C185-47E9-8ACC-F20FF424F001}.AppStore|x86.ActiveCfg = Release|Any CPU
		{C983935F-C185-47E9-8ACC-F20FF424F001}.AppStore|x86.Build.0 = Release|Any CPU
		{C983935F-C185-47E9-8ACC-F20FF424F001}.Debug|Any CPU.ActiveCfg = Debug|Any CPU
		{C983935F-C185-47E9-8ACC-F20FF424F001}.Debug|Any CPU.Build.0 = Debug|Any CPU
		{C983935F-C185-47E9-8ACC-F20FF424F001}.Debug|ARM.ActiveCfg = Debug|Any CPU
		{C983935F-C185-47E9-8ACC-F20FF424F001}.Debug|ARM.Build.0 = Debug|Any CPU
		{C983935F-C185-47E9-8ACC-F20FF424F001}.Debug|iPhone.ActiveCfg = Debug|Any CPU
		{C983935F-C185-47E9-8ACC-F20FF424F001}.Debug|iPhone.Build.0 = Debug|Any CPU
		{C983935F-C185-47E9-8ACC-F20FF424F001}.Debug|iPhoneSimulator.ActiveCfg = Debug|Any CPU
		{C983935F-C185-47E9-8ACC-F20FF424F001}.Debug|iPhoneSimulator.Build.0 = Debug|Any CPU
		{C983935F-C185-47E9-8ACC-F20FF424F001}.Debug|x64.ActiveCfg = Debug|Any CPU
		{C983935F-C185-47E9-8ACC-F20FF424F001}.Debug|x64.Build.0 = Debug|Any CPU
		{C983935F-C185-47E9-8ACC-F20FF424F001}.Debug|x86.ActiveCfg = Debug|Any CPU
		{C983935F-C185-47E9-8ACC-F20FF424F001}.Debug|x86.Build.0 = Debug|Any CPU
		{C983935F-C185-47E9-8ACC-F20FF424F001}.Release|Any CPU.ActiveCfg = Release|Any CPU
		{C983935F-C185-47E9-8ACC-F20FF424F001}.Release|Any CPU.Build.0 = Release|Any CPU
		{C983935F-C185-47E9-8ACC-F20FF424F001}.Release|ARM.ActiveCfg = Release|Any CPU
		{C983935F-C185-47E9-8ACC-F20FF424F001}.Release|ARM.Build.0 = Release|Any CPU
		{C983935F-C185-47E9-8ACC-F20FF424F001}.Release|iPhone.ActiveCfg = Release|Any CPU
		{C983935F-C185-47E9-8ACC-F20FF424F001}.Release|iPhone.Build.0 = Release|Any CPU
		{C983935F-C185-47E9-8ACC-F20FF424F001}.Release|iPhoneSimulator.ActiveCfg = Release|Any CPU
		{C983935F-C185-47E9-8ACC-F20FF424F001}.Release|iPhoneSimulator.Build.0 = Release|Any CPU
		{C983935F-C185-47E9-8ACC-F20FF424F001}.Release|x64.ActiveCfg = Release|Any CPU
		{C983935F-C185-47E9-8ACC-F20FF424F001}.Release|x64.Build.0 = Release|Any CPU
		{C983935F-C185-47E9-8ACC-F20FF424F001}.Release|x86.ActiveCfg = Release|Any CPU
		{C983935F-C185-47E9-8ACC-F20FF424F001}.Release|x86.Build.0 = Release|Any CPU
		{8C69B2F4-D4E0-47EE-BC07-108E6747DA7F}.Ad-Hoc|Any CPU.ActiveCfg = Release|Any CPU
		{8C69B2F4-D4E0-47EE-BC07-108E6747DA7F}.Ad-Hoc|Any CPU.Build.0 = Release|Any CPU
		{8C69B2F4-D4E0-47EE-BC07-108E6747DA7F}.Ad-Hoc|ARM.ActiveCfg = Release|Any CPU
		{8C69B2F4-D4E0-47EE-BC07-108E6747DA7F}.Ad-Hoc|ARM.Build.0 = Release|Any CPU
		{8C69B2F4-D4E0-47EE-BC07-108E6747DA7F}.Ad-Hoc|iPhone.ActiveCfg = Release|Any CPU
		{8C69B2F4-D4E0-47EE-BC07-108E6747DA7F}.Ad-Hoc|iPhone.Build.0 = Release|Any CPU
		{8C69B2F4-D4E0-47EE-BC07-108E6747DA7F}.Ad-Hoc|iPhoneSimulator.ActiveCfg = Release|Any CPU
		{8C69B2F4-D4E0-47EE-BC07-108E6747DA7F}.Ad-Hoc|iPhoneSimulator.Build.0 = Release|Any CPU
		{8C69B2F4-D4E0-47EE-BC07-108E6747DA7F}.Ad-Hoc|x64.ActiveCfg = Release|Any CPU
		{8C69B2F4-D4E0-47EE-BC07-108E6747DA7F}.Ad-Hoc|x64.Build.0 = Release|Any CPU
		{8C69B2F4-D4E0-47EE-BC07-108E6747DA7F}.Ad-Hoc|x86.ActiveCfg = Release|Any CPU
		{8C69B2F4-D4E0-47EE-BC07-108E6747DA7F}.Ad-Hoc|x86.Build.0 = Release|Any CPU
		{8C69B2F4-D4E0-47EE-BC07-108E6747DA7F}.AppStore|Any CPU.ActiveCfg = Release|Any CPU
		{8C69B2F4-D4E0-47EE-BC07-108E6747DA7F}.AppStore|Any CPU.Build.0 = Release|Any CPU
		{8C69B2F4-D4E0-47EE-BC07-108E6747DA7F}.AppStore|ARM.ActiveCfg = Release|Any CPU
		{8C69B2F4-D4E0-47EE-BC07-108E6747DA7F}.AppStore|ARM.Build.0 = Release|Any CPU
		{8C69B2F4-D4E0-47EE-BC07-108E6747DA7F}.AppStore|iPhone.ActiveCfg = Release|Any CPU
		{8C69B2F4-D4E0-47EE-BC07-108E6747DA7F}.AppStore|iPhone.Build.0 = Release|Any CPU
		{8C69B2F4-D4E0-47EE-BC07-108E6747DA7F}.AppStore|iPhoneSimulator.ActiveCfg = Release|Any CPU
		{8C69B2F4-D4E0-47EE-BC07-108E6747DA7F}.AppStore|iPhoneSimulator.Build.0 = Release|Any CPU
		{8C69B2F4-D4E0-47EE-BC07-108E6747DA7F}.AppStore|x64.ActiveCfg = Release|Any CPU
		{8C69B2F4-D4E0-47EE-BC07-108E6747DA7F}.AppStore|x64.Build.0 = Release|Any CPU
		{8C69B2F4-D4E0-47EE-BC07-108E6747DA7F}.AppStore|x86.ActiveCfg = Release|Any CPU
		{8C69B2F4-D4E0-47EE-BC07-108E6747DA7F}.AppStore|x86.Build.0 = Release|Any CPU
		{8C69B2F4-D4E0-47EE-BC07-108E6747DA7F}.Debug|Any CPU.ActiveCfg = Debug|Any CPU
		{8C69B2F4-D4E0-47EE-BC07-108E6747DA7F}.Debug|Any CPU.Build.0 = Debug|Any CPU
		{8C69B2F4-D4E0-47EE-BC07-108E6747DA7F}.Debug|ARM.ActiveCfg = Debug|Any CPU
		{8C69B2F4-D4E0-47EE-BC07-108E6747DA7F}.Debug|ARM.Build.0 = Debug|Any CPU
		{8C69B2F4-D4E0-47EE-BC07-108E6747DA7F}.Debug|iPhone.ActiveCfg = Debug|Any CPU
		{8C69B2F4-D4E0-47EE-BC07-108E6747DA7F}.Debug|iPhone.Build.0 = Debug|Any CPU
		{8C69B2F4-D4E0-47EE-BC07-108E6747DA7F}.Debug|iPhoneSimulator.ActiveCfg = Debug|Any CPU
		{8C69B2F4-D4E0-47EE-BC07-108E6747DA7F}.Debug|iPhoneSimulator.Build.0 = Debug|Any CPU
		{8C69B2F4-D4E0-47EE-BC07-108E6747DA7F}.Debug|x64.ActiveCfg = Debug|Any CPU
		{8C69B2F4-D4E0-47EE-BC07-108E6747DA7F}.Debug|x64.Build.0 = Debug|Any CPU
		{8C69B2F4-D4E0-47EE-BC07-108E6747DA7F}.Debug|x86.ActiveCfg = Debug|Any CPU
		{8C69B2F4-D4E0-47EE-BC07-108E6747DA7F}.Debug|x86.Build.0 = Debug|Any CPU
		{8C69B2F4-D4E0-47EE-BC07-108E6747DA7F}.Release|Any CPU.ActiveCfg = Release|Any CPU
		{8C69B2F4-D4E0-47EE-BC07-108E6747DA7F}.Release|Any CPU.Build.0 = Release|Any CPU
		{8C69B2F4-D4E0-47EE-BC07-108E6747DA7F}.Release|ARM.ActiveCfg = Release|Any CPU
		{8C69B2F4-D4E0-47EE-BC07-108E6747DA7F}.Release|ARM.Build.0 = Release|Any CPU
		{8C69B2F4-D4E0-47EE-BC07-108E6747DA7F}.Release|iPhone.ActiveCfg = Release|Any CPU
		{8C69B2F4-D4E0-47EE-BC07-108E6747DA7F}.Release|iPhone.Build.0 = Release|Any CPU
		{8C69B2F4-D4E0-47EE-BC07-108E6747DA7F}.Release|iPhoneSimulator.ActiveCfg = Release|Any CPU
		{8C69B2F4-D4E0-47EE-BC07-108E6747DA7F}.Release|iPhoneSimulator.Build.0 = Release|Any CPU
		{8C69B2F4-D4E0-47EE-BC07-108E6747DA7F}.Release|x64.ActiveCfg = Release|Any CPU
		{8C69B2F4-D4E0-47EE-BC07-108E6747DA7F}.Release|x64.Build.0 = Release|Any CPU
		{8C69B2F4-D4E0-47EE-BC07-108E6747DA7F}.Release|x86.ActiveCfg = Release|Any CPU
		{8C69B2F4-D4E0-47EE-BC07-108E6747DA7F}.Release|x86.Build.0 = Release|Any CPU
	EndGlobalSection
	GlobalSection(SolutionProperties) = preSolution
		HideSolutionNode = FALSE
	EndGlobalSection
	GlobalSection(NestedProjects) = preSolution
		{77642A26-D07D-4381-8D18-8CE2BF645A21} = {0D3C507B-3F9E-40DD-9B15-63F992AC8D2A}
		{EC937417-F6A1-4204-902F-BAE5DC3F893E} = {0D3C507B-3F9E-40DD-9B15-63F992AC8D2A}
		{267DE88C-2D9C-4957-AC68-29EDDF666406} = {0D3C507B-3F9E-40DD-9B15-63F992AC8D2A}
		{C8611C46-89B9-400F-8FC1-8C01D48FAAAE} = {0D3C507B-3F9E-40DD-9B15-63F992AC8D2A}
		{29E305D6-5FA8-4130-BA65-FF186826CAB4} = {4319B039-49E2-42E0-A531-02D48D85A12A}
		{A7057CD2-B15C-418F-B58F-4E2D27AF4F9B} = {4319B039-49E2-42E0-A531-02D48D85A12A}
		{8A8E85E1-ACC2-478E-983B-06408841884C} = {4319B039-49E2-42E0-A531-02D48D85A12A}
		{C983935F-C185-47E9-8ACC-F20FF424F001} = {0A74EB5D-ABFB-4BA1-AC5E-0BFFBF6C55B2}
		{8C69B2F4-D4E0-47EE-BC07-108E6747DA7F} = {0A74EB5D-ABFB-4BA1-AC5E-0BFFBF6C55B2}
	EndGlobalSection
EndGlobal
